
Microsoft Visual Studio Solution File, Format Version 12.00
# Visual Studio Version 17
VisualStudioVersion = 17.11.35222.181
MinimumVisualStudioVersion = 10.0.40219.1
Project("{FAE04EC0-301F-11D3-BF4B-00C04F79EFBC}") = "MatematikHesaplamalari", "MatematikHesaplamalari\MatematikHesaplamalari.csproj", "{EEC4995F-92C0-493F-B708-0420EBC37F69}"
EndProject
Global
	GlobalSection(SolutionConfigurationPlatforms) = preSolution
		Debug|Any CPU = Debug|Any CPU
		Release|Any CPU = Release|Any CPU
	EndGlobalSection
	GlobalSection(ProjectConfigurationPlatforms) = postSolution
		{EEC4995F-92C0-493F-B708-0420EBC37F69}.Debug|Any CPU.ActiveCfg = Debug|Any CPU
		{EEC4995F-92C0-493F-B708-0420EBC37F69}.Debug|Any CPU.Build.0 = Debug|Any CPU
		{EEC4995F-92C0-493F-B708-0420EBC37F69}.Release|Any CPU.ActiveCfg = Release|Any CPU
		{EEC4995F-92C0-493F-B708-0420EBC37F69}.Release|Any CPU.Build.0 = Release|Any CPU
	EndGlobalSection
	GlobalSection(SolutionProperties) = preSolution
		HideSolutionNode = FALSE
	EndGlobalSection
	GlobalSection(ExtensibilityGlobals) = postSolution
		SolutionGuid = {CE34E657-2F93-4F40-ADB5-1B2059861F33}
	EndGlobalSection
EndGlobal
